// !$*UTF8*$!
{
	archiveVersion = 1;
	classes = {
	};
	objectVersion = 50;
	objects = {

/* Begin PBXBuildFile section */
		0BEF69B32323070B00E86319 /* AppDelegate.swift in Sources */ = {isa = PBXBuildFile; fileRef = 0BEF69B22323070B00E86319 /* AppDelegate.swift */; };
		0BEF69B52323070B00E86319 /* CountriesViewController.swift in Sources */ = {isa = PBXBuildFile; fileRef = 0BEF69B42323070B00E86319 /* CountriesViewController.swift */; };
		0BEF69B82323070B00E86319 /* Main.storyboard in Resources */ = {isa = PBXBuildFile; fileRef = 0BEF69B62323070B00E86319 /* Main.storyboard */; };
		0BEF69BA2323070C00E86319 /* Assets.xcassets in Resources */ = {isa = PBXBuildFile; fileRef = 0BEF69B92323070C00E86319 /* Assets.xcassets */; };
		0BEF69BD2323070C00E86319 /* LaunchScreen.storyboard in Resources */ = {isa = PBXBuildFile; fileRef = 0BEF69BB2323070C00E86319 /* LaunchScreen.storyboard */; };
		0BEF69C82323070C00E86319 /* Concurrency_LabTests.swift in Sources */ = {isa = PBXBuildFile; fileRef = 0BEF69C72323070C00E86319 /* Concurrency_LabTests.swift */; };
		0BEF69D323230C2700E86319 /* CountriesModel.swift in Sources */ = {isa = PBXBuildFile; fileRef = 0BEF69D223230C2700E86319 /* CountriesModel.swift */; };
		0BEF69D523230C3A00E86319 /* ErrorHandling.swift in Sources */ = {isa = PBXBuildFile; fileRef = 0BEF69D423230C3A00E86319 /* ErrorHandling.swift */; };
		0BEF69D723230C5300E86319 /* ImageHelper.swift in Sources */ = {isa = PBXBuildFile; fileRef = 0BEF69D623230C5300E86319 /* ImageHelper.swift */; };
		0BEF69D923230CF100E86319 /* DetailViewController.swift in Sources */ = {isa = PBXBuildFile; fileRef = 0BEF69D823230CF100E86319 /* DetailViewController.swift */; };
		0BEF69DB23230D9400E86319 /* CountriesTableViewCell.swift in Sources */ = {isa = PBXBuildFile; fileRef = 0BEF69DA23230D9400E86319 /* CountriesTableViewCell.swift */; };
/* End PBXBuildFile section */

/* Begin PBXContainerItemProxy section */
		0BEF69C42323070C00E86319 /* PBXContainerItemProxy */ = {
			isa = PBXContainerItemProxy;
			containerPortal = 0BEF69A72323070B00E86319 /* Project object */;
			proxyType = 1;
			remoteGlobalIDString = 0BEF69AE2323070B00E86319;
			remoteInfo = "Concurrency-Lab";
		};
/* End PBXContainerItemProxy section */

/* Begin PBXFileReference section */
		0BEF69AF2323070B00E86319 /* Concurrency-Lab.app */ = {isa = PBXFileReference; explicitFileType = wrapper.application; includeInIndex = 0; path = "Concurrency-Lab.app"; sourceTree = BUILT_PRODUCTS_DIR; };
		0BEF69B22323070B00E86319 /* AppDelegate.swift */ = {isa = PBXFileReference; lastKnownFileType = sourcecode.swift; path = AppDelegate.swift; sourceTree = "<group>"; };
		0BEF69B42323070B00E86319 /* CountriesViewController.swift */ = {isa = PBXFileReference; lastKnownFileType = sourcecode.swift; path = CountriesViewController.swift; sourceTree = "<group>"; };
		0BEF69B72323070B00E86319 /* Base */ = {isa = PBXFileReference; lastKnownFileType = file.storyboard; name = Base; path = Base.lproj/Main.storyboard; sourceTree = "<group>"; };
		0BEF69B92323070C00E86319 /* Assets.xcassets */ = {isa = PBXFileReference; lastKnownFileType = folder.assetcatalog; path = Assets.xcassets; sourceTree = "<group>"; };
		0BEF69BC2323070C00E86319 /* Base */ = {isa = PBXFileReference; lastKnownFileType = file.storyboard; name = Base; path = Base.lproj/LaunchScreen.storyboard; sourceTree = "<group>"; };
		0BEF69BE2323070C00E86319 /* Info.plist */ = {isa = PBXFileReference; lastKnownFileType = text.plist.xml; path = Info.plist; sourceTree = "<group>"; };
		0BEF69C32323070C00E86319 /* Concurrency-LabTests.xctest */ = {isa = PBXFileReference; explicitFileType = wrapper.cfbundle; includeInIndex = 0; path = "Concurrency-LabTests.xctest"; sourceTree = BUILT_PRODUCTS_DIR; };
		0BEF69C72323070C00E86319 /* Concurrency_LabTests.swift */ = {isa = PBXFileReference; lastKnownFileType = sourcecode.swift; path = Concurrency_LabTests.swift; sourceTree = "<group>"; };
		0BEF69C92323070C00E86319 /* Info.plist */ = {isa = PBXFileReference; lastKnownFileType = text.plist.xml; path = Info.plist; sourceTree = "<group>"; };
		0BEF69D223230C2700E86319 /* CountriesModel.swift */ = {isa = PBXFileReference; lastKnownFileType = sourcecode.swift; path = CountriesModel.swift; sourceTree = "<group>"; };
		0BEF69D423230C3A00E86319 /* ErrorHandling.swift */ = {isa = PBXFileReference; lastKnownFileType = sourcecode.swift; path = ErrorHandling.swift; sourceTree = "<group>"; };
		0BEF69D623230C5300E86319 /* ImageHelper.swift */ = {isa = PBXFileReference; lastKnownFileType = sourcecode.swift; path = ImageHelper.swift; sourceTree = "<group>"; };
		0BEF69D823230CF100E86319 /* DetailViewController.swift */ = {isa = PBXFileReference; lastKnownFileType = sourcecode.swift; path = DetailViewController.swift; sourceTree = "<group>"; };
		0BEF69DA23230D9400E86319 /* CountriesTableViewCell.swift */ = {isa = PBXFileReference; lastKnownFileType = sourcecode.swift; path = CountriesTableViewCell.swift; sourceTree = "<group>"; };
/* End PBXFileReference section */

/* Begin PBXFrameworksBuildPhase section */
		0BEF69AC2323070B00E86319 /* Frameworks */ = {
			isa = PBXFrameworksBuildPhase;
			buildActionMask = 2147483647;
			files = (
			);
			runOnlyForDeploymentPostprocessing = 0;
		};
		0BEF69C02323070C00E86319 /* Frameworks */ = {
			isa = PBXFrameworksBuildPhase;
			buildActionMask = 2147483647;
			files = (
			);
			runOnlyForDeploymentPostprocessing = 0;
		};
/* End PBXFrameworksBuildPhase section */

/* Begin PBXGroup section */
		0BEF69A62323070B00E86319 = {
			isa = PBXGroup;
			children = (
				0BEF69DD23230DD600E86319 /* Model */,
				0BEF69DC23230D9F00E86319 /* URL Stuff */,
				0BEF69B12323070B00E86319 /* Concurrency-Lab */,
				0BEF69C62323070C00E86319 /* Concurrency-LabTests */,
				0BEF69B02323070B00E86319 /* Products */,
			);
			sourceTree = "<group>";
		};
		0BEF69B02323070B00E86319 /* Products */ = {
			isa = PBXGroup;
			children = (
				0BEF69AF2323070B00E86319 /* Concurrency-Lab.app */,
				0BEF69C32323070C00E86319 /* Concurrency-LabTests.xctest */,
			);
			name = Products;
			sourceTree = "<group>";
		};
		0BEF69B12323070B00E86319 /* Concurrency-Lab */ = {
			isa = PBXGroup;
			children = (
				0BEF69B22323070B00E86319 /* AppDelegate.swift */,
				0BEF69B42323070B00E86319 /* CountriesViewController.swift */,
				0BEF69D823230CF100E86319 /* DetailViewController.swift */,
				0BEF69DA23230D9400E86319 /* CountriesTableViewCell.swift */,
				0BEF69B62323070B00E86319 /* Main.storyboard */,
				0BEF69B92323070C00E86319 /* Assets.xcassets */,
				0BEF69BB2323070C00E86319 /* LaunchScreen.storyboard */,
				0BEF69BE2323070C00E86319 /* Info.plist */,
			);
			path = "Concurrency-Lab";
			sourceTree = "<group>";
		};
		0BEF69C62323070C00E86319 /* Concurrency-LabTests */ = {
			isa = PBXGroup;
			children = (
				0BEF69C72323070C00E86319 /* Concurrency_LabTests.swift */,
				0BEF69C92323070C00E86319 /* Info.plist */,
			);
			path = "Concurrency-LabTests";
			sourceTree = "<group>";
		};
		0BEF69DC23230D9F00E86319 /* URL Stuff */ = {
			isa = PBXGroup;
			children = (
				0BEF69D623230C5300E86319 /* ImageHelper.swift */,
				0BEF69D423230C3A00E86319 /* ErrorHandling.swift */,
			);
			path = "URL Stuff";
			sourceTree = "<group>";
		};
		0BEF69DD23230DD600E86319 /* Model */ = {
			isa = PBXGroup;
			children = (
				0BEF69D223230C2700E86319 /* CountriesModel.swift */,
			);
			path = Model;
			sourceTree = "<group>";
		};
/* End PBXGroup section */

/* Begin PBXNativeTarget section */
		0BEF69AE2323070B00E86319 /* Concurrency-Lab */ = {
			isa = PBXNativeTarget;
			buildConfigurationList = 0BEF69CC2323070C00E86319 /* Build configuration list for PBXNativeTarget "Concurrency-Lab" */;
			buildPhases = (
				0BEF69AB2323070B00E86319 /* Sources */,
				0BEF69AC2323070B00E86319 /* Frameworks */,
				0BEF69AD2323070B00E86319 /* Resources */,
			);
			buildRules = (
			);
			dependencies = (
			);
			name = "Concurrency-Lab";
			productName = "Concurrency-Lab";
			productReference = 0BEF69AF2323070B00E86319 /* Concurrency-Lab.app */;
			productType = "com.apple.product-type.application";
		};
		0BEF69C22323070C00E86319 /* Concurrency-LabTests */ = {
			isa = PBXNativeTarget;
			buildConfigurationList = 0BEF69CF2323070C00E86319 /* Build configuration list for PBXNativeTarget "Concurrency-LabTests" */;
			buildPhases = (
				0BEF69BF2323070C00E86319 /* Sources */,
				0BEF69C02323070C00E86319 /* Frameworks */,
				0BEF69C12323070C00E86319 /* Resources */,
			);
			buildRules = (
			);
			dependencies = (
				0BEF69C52323070C00E86319 /* PBXTargetDependency */,
			);
			name = "Concurrency-LabTests";
			productName = "Concurrency-LabTests";
			productReference = 0BEF69C32323070C00E86319 /* Concurrency-LabTests.xctest */;
			productType = "com.apple.product-type.bundle.unit-test";
		};
/* End PBXNativeTarget section */

/* Begin PBXProject section */
		0BEF69A72323070B00E86319 /* Project object */ = {
			isa = PBXProject;
			attributes = {
				LastSwiftUpdateCheck = 1030;
				LastUpgradeCheck = 1030;
				ORGANIZATIONNAME = "Krystal Campbell";
				TargetAttributes = {
					0BEF69AE2323070B00E86319 = {
						CreatedOnToolsVersion = 10.3;
					};
					0BEF69C22323070C00E86319 = {
						CreatedOnToolsVersion = 10.3;
						TestTargetID = 0BEF69AE2323070B00E86319;
					};
				};
			};
			buildConfigurationList = 0BEF69AA2323070B00E86319 /* Build configuration list for PBXProject "Concurrency-Lab" */;
			compatibilityVersion = "Xcode 9.3";
			developmentRegion = en;
			hasScannedForEncodings = 0;
			knownRegions = (
				en,
				Base,
			);
			mainGroup = 0BEF69A62323070B00E86319;
			productRefGroup = 0BEF69B02323070B00E86319 /* Products */;
			projectDirPath = "";
			projectRoot = "";
			targets = (
				0BEF69AE2323070B00E86319 /* Concurrency-Lab */,
				0BEF69C22323070C00E86319 /* Concurrency-LabTests */,
			);
		};
/* End PBXProject section */

/* Begin PBXResourcesBuildPhase section */
		0BEF69AD2323070B00E86319 /* Resources */ = {
			isa = PBXResourcesBuildPhase;
			buildActionMask = 2147483647;
			files = (
				0BEF69BD2323070C00E86319 /* LaunchScreen.storyboard in Resources */,
				0BEF69BA2323070C00E86319 /* Assets.xcassets in Resources */,
				0BEF69B82323070B00E86319 /* Main.storyboard in Resources */,
			);
			runOnlyForDeploymentPostprocessing = 0;
		};
		0BEF69C12323070C00E86319 /* Resources */ = {
			isa = PBXResourcesBuildPhase;
			buildActionMask = 2147483647;
			files = (
			);
			runOnlyForDeploymentPostprocessing = 0;
		};
/* End PBXResourcesBuildPhase section */

/* Begin PBXSourcesBuildPhase section */
		0BEF69AB2323070B00E86319 /* Sources */ = {
			isa = PBXSourcesBuildPhase;
			buildActionMask = 2147483647;
			files = (
				0BEF69B52323070B00E86319 /* CountriesViewController.swift in Sources */,
				0BEF69DB23230D9400E86319 /* CountriesTableViewCell.swift in Sources */,
				0BEF69D723230C5300E86319 /* ImageHelper.swift in Sources */,
				0BEF69D523230C3A00E86319 /* ErrorHandling.swift in Sources */,
				0BEF69D923230CF100E86319 /* DetailViewController.swift in Sources */,
				0BEF69D323230C2700E86319 /* CountriesModel.swift in Sources */,
				0BEF69B32323070B00E86319 /* AppDelegate.swift in Sources */,
			);
			runOnlyForDeploymentPostprocessing = 0;
		};
		0BEF69BF2323070C00E86319 /* Sources */ = {
			isa = PBXSourcesBuildPhase;
			buildActionMask = 2147483647;
			files = (
				0BEF69C82323070C00E86319 /* Concurrency_LabTests.swift in Sources */,
			);
			runOnlyForDeploymentPostprocessing = 0;
		};
/* End PBXSourcesBuildPhase section */

/* Begin PBXTargetDependency section */
		0BEF69C52323070C00E86319 /* PBXTargetDependency */ = {
			isa = PBXTargetDependency;
			target = 0BEF69AE2323070B00E86319 /* Concurrency-Lab */;
			targetProxy = 0BEF69C42323070C00E86319 /* PBXContainerItemProxy */;
		};
/* End PBXTargetDependency section */

/* Begin PBXVariantGroup section */
		0BEF69B62323070B00E86319 /* Main.storyboard */ = {
			isa = PBXVariantGroup;
			children = (
				0BEF69B72323070B00E86319 /* Base */,
			);
			name = Main.storyboard;
			sourceTree = "<group>";
		};
		0BEF69BB2323070C00E86319 /* LaunchScreen.storyboard */ = {
			isa = PBXVariantGroup;
			children = (
				0BEF69BC2323070C00E86319 /* Base */,
			);
			name = LaunchScreen.storyboard;
			sourceTree = "<group>";
		};
/* End PBXVariantGroup section */

/* Begin XCBuildConfiguration section */
		0BEF69CA2323070C00E86319 /* Debug */ = {
			isa = XCBuildConfiguration;
			buildSettings = {
				ALWAYS_SEARCH_USER_PATHS = NO;
				CLANG_ANALYZER_NONNULL = YES;
				CLANG_ANALYZER_NUMBER_OBJECT_CONVERSION = YES_AGGRESSIVE;
				CLANG_CXX_LANGUAGE_STANDARD = "gnu++14";
				CLANG_CXX_LIBRARY = "libc++";
				CLANG_ENABLE_MODULES = YES;
				CLANG_ENABLE_OBJC_ARC = YES;
				CLANG_ENABLE_OBJC_WEAK = YES;
				CLANG_WARN_BLOCK_CAPTURE_AUTORELEASING = YES;
				CLANG_WARN_BOOL_CONVERSION = YES;
				CLANG_WARN_COMMA = YES;
				CLANG_WARN_CONSTANT_CONVERSION = YES;
				CLANG_WARN_DEPRECATED_OBJC_IMPLEMENTATIONS = YES;
				CLANG_WARN_DIRECT_OBJC_ISA_USAGE = YES_ERROR;
				CLANG_WARN_DOCUMENTATION_COMMENTS = YES;
				CLANG_WARN_EMPTY_BODY = YES;
				CLANG_WARN_ENUM_CONVERSION = YES;
				CLANG_WARN_INFINITE_RECURSION = YES;
				CLANG_WARN_INT_CONVERSION = YES;
				CLANG_WARN_NON_LITERAL_NULL_CONVERSION = YES;
				CLANG_WARN_OBJC_IMPLICIT_RETAIN_SELF = YES;
				CLANG_WARN_OBJC_LITERAL_CONVERSION = YES;
				CLANG_WARN_OBJC_ROOT_CLASS = YES_ERROR;
				CLANG_WARN_RANGE_LOOP_ANALYSIS = YES;
				CLANG_WARN_STRICT_PROTOTYPES = YES;
				CLANG_WARN_SUSPICIOUS_MOVE = YES;
				CLANG_WARN_UNGUARDED_AVAILABILITY = YES_AGGRESSIVE;
				CLANG_WARN_UNREACHABLE_CODE = YES;
				CLANG_WARN__DUPLICATE_METHOD_MATCH = YES;
				CODE_SIGN_IDENTITY = "iPhone Developer";
				COPY_PHASE_STRIP = NO;
				DEBUG_INFORMATION_FORMAT = dwarf;
				ENABLE_STRICT_OBJC_MSGSEND = YES;
				ENABLE_TESTABILITY = YES;
				GCC_C_LANGUAGE_STANDARD = gnu11;
				GCC_DYNAMIC_NO_PIC = NO;
				GCC_NO_COMMON_BLOCKS = YES;
				GCC_OPTIMIZATION_LEVEL = 0;
				GCC_PREPROCESSOR_DEFINITIONS = (
					"DEBUG=1",
					"$(inherited)",
				);
				GCC_WARN_64_TO_32_BIT_CONVERSION = YES;
				GCC_WARN_ABOUT_RETURN_TYPE = YES_ERROR;
				GCC_WARN_UNDECLARED_SELECTOR = YES;
				GCC_WARN_UNINITIALIZED_AUTOS = YES_AGGRESSIVE;
				GCC_WARN_UNUSED_FUNCTION = YES;
				GCC_WARN_UNUSED_VARIABLE = YES;
				IPHONEOS_DEPLOYMENT_TARGET = 12.4;
				MTL_ENABLE_DEBUG_INFO = INCLUDE_SOURCE;
				MTL_FAST_MATH = YES;
				ONLY_ACTIVE_ARCH = YES;
				SDKROOT = iphoneos;
				SWIFT_ACTIVE_COMPILATION_CONDITIONS = DEBUG;
				SWIFT_OPTIMIZATION_LEVEL = "-Onone";
			};
			name = Debug;
		};
		0BEF69CB2323070C00E86319 /* Release */ = {
			isa = XCBuildConfiguration;
			buildSettings = {
				ALWAYS_SEARCH_USER_PATHS = NO;
				CLANG_ANALYZER_NONNULL = YES;
				CLANG_ANALYZER_NUMBER_OBJECT_CONVERSION = YES_AGGRESSIVE;
				CLANG_CXX_LANGUAGE_STANDARD = "gnu++14";
				CLANG_CXX_LIBRARY = "libc++";
				CLANG_ENABLE_MODULES = YES;
				CLANG_ENABLE_OBJC_ARC = YES;
				CLANG_ENABLE_OBJC_WEAK = YES;
				CLANG_WARN_BLOCK_CAPTURE_AUTORELEASING = YES;
				CLANG_WARN_BOOL_CONVERSION = YES;
				CLANG_WARN_COMMA = YES;
				CLANG_WARN_CONSTANT_CONVERSION = YES;
				CLANG_WARN_DEPRECATED_OBJC_IMPLEMENTATIONS = YES;
				CLANG_WARN_DIRECT_OBJC_ISA_USAGE = YES_ERROR;
				CLANG_WARN_DOCUMENTATION_COMMENTS = YES;
				CLANG_WARN_EMPTY_BODY = YES;
				CLANG_WARN_ENUM_CONVERSION = YES;
				CLANG_WARN_INFINITE_RECURSION = YES;
				CLANG_WARN_INT_CONVERSION = YES;
				CLANG_WARN_NON_LITERAL_NULL_CONVERSION = YES;
				CLANG_WARN_OBJC_IMPLICIT_RETAIN_SELF = YES;
				CLANG_WARN_OBJC_LITERAL_CONVERSION = YES;
				CLANG_WARN_OBJC_ROOT_CLASS = YES_ERROR;
				CLANG_WARN_RANGE_LOOP_ANALYSIS = YES;
				CLANG_WARN_STRICT_PROTOTYPES = YES;
				CLANG_WARN_SUSPICIOUS_MOVE = YES;
				CLANG_WARN_UNGUARDED_AVAILABILITY = YES_AGGRESSIVE;
				CLANG_WARN_UNREACHABLE_CODE = YES;
				CLANG_WARN__DUPLICATE_METHOD_MATCH = YES;
				CODE_SIGN_IDENTITY = "iPhone Developer";
				COPY_PHASE_STRIP = NO;
				DEBUG_INFORMATION_FORMAT = "dwarf-with-dsym";
				ENABLE_NS_ASSERTIONS = NO;
				ENABLE_STRICT_OBJC_MSGSEND = YES;
				GCC_C_LANGUAGE_STANDARD = gnu11;
				GCC_NO_COMMON_BLOCKS = YES;
				GCC_WARN_64_TO_32_BIT_CONVERSION = YES;
				GCC_WARN_ABOUT_RETURN_TYPE = YES_ERROR;
				GCC_WARN_UNDECLARED_SELECTOR = YES;
				GCC_WARN_UNINITIALIZED_AUTOS = YES_AGGRESSIVE;
				GCC_WARN_UNUSED_FUNCTION = YES;
				GCC_WARN_UNUSED_VARIABLE = YES;
				IPHONEOS_DEPLOYMENT_TARGET = 12.4;
				MTL_ENABLE_DEBUG_INFO = NO;
				MTL_FAST_MATH = YES;
				SDKROOT = iphoneos;
				SWIFT_COMPILATION_MODE = wholemodule;
				SWIFT_OPTIMIZATION_LEVEL = "-O";
				VALIDATE_PRODUCT = YES;
			};
			name = Release;
		};
		0BEF69CD2323070C00E86319 /* Debug */ = {
			isa = XCBuildConfiguration;
			buildSettings = {
				ASSETCATALOG_COMPILER_APPICON_NAME = AppIcon;
				CODE_SIGN_STYLE = Automatic;
				INFOPLIST_FILE = "Concurrency-Lab/Info.plist";
				LD_RUNPATH_SEARCH_PATHS = (
					"$(inherited)",
					"@executable_path/Frameworks",
				);
				PRODUCT_BUNDLE_IDENTIFIER = "testing.Concurrency-Lab";
				PRODUCT_NAME = "$(TARGET_NAME)";
				SWIFT_VERSION = 5.0;
				TARGETED_DEVICE_FAMILY = "1,2";
			};
			name = Debug;
		};
		0BEF69CE2323070C00E86319 /* Release */ = {
			isa = XCBuildConfiguration;
			buildSettings = {
				ASSETCATALOG_COMPILER_APPICON_NAME = AppIcon;
				CODE_SIGN_STYLE = Automatic;
				INFOPLIST_FILE = "Concurrency-Lab/Info.plist";
				LD_RUNPATH_SEARCH_PATHS = (
					"$(inherited)",
					"@executable_path/Frameworks",
				);
				PRODUCT_BUNDLE_IDENTIFIER = "testing.Concurrency-Lab";
				PRODUCT_NAME = "$(TARGET_NAME)";
				SWIFT_VERSION = 5.0;
				TARGETED_DEVICE_FAMILY = "1,2";
			};
			name = Release;
		};
		0BEF69D02323070C00E86319 /* Debug */ = {
			isa = XCBuildConfiguration;
			buildSettings = {
				ALWAYS_EMBED_SWIFT_STANDARD_LIBRARIES = YES;
				BUNDLE_LOADER = "$(TEST_HOST)";
				CODE_SIGN_STYLE = Automatic;
				INFOPLIST_FILE = "Concurrency-LabTests/Info.plist";
				LD_RUNPATH_SEARCH_PATHS = (
					"$(inherited)",
					"@executable_path/Frameworks",
					"@loader_path/Frameworks",
				);
				PRODUCT_BUNDLE_IDENTIFIER = "testing.Concurrency-LabTests";
				PRODUCT_NAME = "$(TARGET_NAME)";
				SWIFT_VERSION = 5.0;
				TARGETED_DEVICE_FAMILY = "1,2";
				TEST_HOST = "$(BUILT_PRODUCTS_DIR)/Concurrency-Lab.app/Concurrency-Lab";
			};
			name = Debug;
		};
		0BEF69D12323070C00E86319 /* Release */ = {
			isa = XCBuildConfiguration;
			buildSettings = {
				ALWAYS_EMBED_SWIFT_STANDARD_LIBRARIES = YES;
				BUNDLE_LOADER = "$(TEST_HOST)";
				CODE_SIGN_STYLE = Automatic;
				INFOPLIST_FILE = "Concurrency-LabTests/Info.plist";
				LD_RUNPATH_SEARCH_PATHS = (
					"$(inherited)",
					"@executable_path/Frameworks",
					"@loader_path/Frameworks",
				);
				PRODUCT_BUNDLE_IDENTIFIER = "testing.Concurrency-LabTests";
				PRODUCT_NAME = "$(TARGET_NAME)";
				SWIFT_VERSION = 5.0;
				TARGETED_DEVICE_FAMILY = "1,2";
				TEST_HOST = "$(BUILT_PRODUCTS_DIR)/Concurrency-Lab.app/Concurrency-Lab";
			};
			name = Release;
		};
/* End XCBuildConfiguration section */

/* Begin XCConfigurationList section */
		0BEF69AA2323070B00E86319 /* Build configuration list for PBXProject "Concurrency-Lab" */ = {
			isa = XCConfigurationList;
			buildConfigurations = (
				0BEF69CA2323070C00E86319 /* Debug */,
				0BEF69CB2323070C00E86319 /* Release */,
			);
			defaultConfigurationIsVisible = 0;
			defaultConfigurationName = Release;
		};
		0BEF69CC2323070C00E86319 /* Build configuration list for PBXNativeTarget "Concurrency-Lab" */ = {
			isa = XCConfigurationList;
			buildConfigurations = (
				0BEF69CD2323070C00E86319 /* Debug */,
				0BEF69CE2323070C00E86319 /* Release */,
			);
			defaultConfigurationIsVisible = 0;
			defaultConfigurationName = Release;
		};
		0BEF69CF2323070C00E86319 /* Build configuration list for PBXNativeTarget "Concurrency-LabTests" */ = {
			isa = XCConfigurationList;
			buildConfigurations = (
				0BEF69D02323070C00E86319 /* Debug */,
				0BEF69D12323070C00E86319 /* Release */,
			);
			defaultConfigurationIsVisible = 0;
			defaultConfigurationName = Release;
		};
/* End XCConfigurationList section */
	};
	rootObject = 0BEF69A72323070B00E86319 /* Project object */;
}
